// !$*UTF8*$!
{
	archiveVersion = 1;
	classes = {
	};
	objectVersion = 56;
	objects = {

/* Begin PBXBuildFile section */
		5F8AA3BE2C6A950A001C6B92 /* ImgurGalleryApp.swift in Sources */ = {isa = PBXBuildFile; fileRef = 5F8AA3BD2C6A950A001C6B92 /* ImgurGalleryApp.swift */; };
		5F8AA3C22C6A950D001C6B92 /* Assets.xcassets in Resources */ = {isa = PBXBuildFile; fileRef = 5F8AA3C12C6A950D001C6B92 /* Assets.xcassets */; };
		5F8AA3C52C6A950D001C6B92 /* Preview Assets.xcassets in Resources */ = {isa = PBXBuildFile; fileRef = 5F8AA3C42C6A950D001C6B92 /* Preview Assets.xcassets */; };
		5F8AA3D12C6A96CB001C6B92 /* ImgurData.swift in Sources */ = {isa = PBXBuildFile; fileRef = 5F8AA3D02C6A96CB001C6B92 /* ImgurData.swift */; };
		5F8AA3D32C6A96F9001C6B92 /* AlbumViewModel.swift in Sources */ = {isa = PBXBuildFile; fileRef = 5F8AA3D22C6A96F9001C6B92 /* AlbumViewModel.swift */; };
		5F8AA3D62C6A972E001C6B92 /* AlbumListView.swift in Sources */ = {isa = PBXBuildFile; fileRef = 5F8AA3D52C6A972E001C6B92 /* AlbumListView.swift */; };
		5F8AA3D82C6A9740001C6B92 /* AlbumDetailView.swift in Sources */ = {isa = PBXBuildFile; fileRef = 5F8AA3D72C6A9740001C6B92 /* AlbumDetailView.swift */; };
		5F8AA3DA2C6A9784001C6B92 /* Secrets.plist in Resources */ = {isa = PBXBuildFile; fileRef = 5F8AA3D92C6A9784001C6B92 /* Secrets.plist */; };
		5F8AA3DC2C6A983A001C6B92 /* secrets.swift in Sources */ = {isa = PBXBuildFile; fileRef = 5F8AA3DB2C6A983A001C6B92 /* secrets.swift */; };
		5F8AA3DE2C6A98B4001C6B92 /* constants.swift in Sources */ = {isa = PBXBuildFile; fileRef = 5F8AA3DD2C6A98B4001C6B92 /* constants.swift */; };
		5F8AA3E02C6AA26B001C6B92 /* FullScreenImageView.swift in Sources */ = {isa = PBXBuildFile; fileRef = 5F8AA3DF2C6AA26B001C6B92 /* FullScreenImageView.swift */; };
		5F8AA3E32C6AA47B001C6B92 /* SearchBarView.swift in Sources */ = {isa = PBXBuildFile; fileRef = 5F8AA3E22C6AA47B001C6B92 /* SearchBarView.swift */; };
		5F8AA3E62C6AA87A001C6B92 /* Kingfisher in Frameworks */ = {isa = PBXBuildFile; productRef = 5F8AA3E52C6AA87A001C6B92 /* Kingfisher */; };
		5F8AA3E82C6AC558001C6B92 /* AsyncImageView.swift in Sources */ = {isa = PBXBuildFile; fileRef = 5F8AA3E72C6AC558001C6B92 /* AsyncImageView.swift */; };
		5F8AA3EA2C6ACDB5001C6B92 /* AlbumListViewRow.swift in Sources */ = {isa = PBXBuildFile; fileRef = 5F8AA3E92C6ACDB5001C6B92 /* AlbumListViewRow.swift */; };
		5F8AA3EF2C6AFF75001C6B92 /* NoImageView.swift in Sources */ = {isa = PBXBuildFile; fileRef = 5F8AA3EE2C6AFF75001C6B92 /* NoImageView.swift */; };
		5F8AA3F82C6B40BC001C6B92 /* ViewsStack.swift in Sources */ = {isa = PBXBuildFile; fileRef = 5F8AA3F72C6B40BC001C6B92 /* ViewsStack.swift */; };
		5F8AA4022C6B5B17001C6B92 /* NetworkingClient.swift in Sources */ = {isa = PBXBuildFile; fileRef = 5F8AA4012C6B5B16001C6B92 /* NetworkingClient.swift */; };
		5F8AA4062C6B78C8001C6B92 /* BackgroundGradient.swift in Sources */ = {isa = PBXBuildFile; fileRef = 5F8AA4052C6B78C8001C6B92 /* BackgroundGradient.swift */; };
		5F8AA40A2C6B80FA001C6B92 /* dateformatter.swift in Sources */ = {isa = PBXBuildFile; fileRef = 5F8AA4092C6B80FA001C6B92 /* dateformatter.swift */; };
/* End PBXBuildFile section */

/* Begin PBXFileReference section */
		5F8AA3BA2C6A950A001C6B92 /* ImgurGallery.app */ = {isa = PBXFileReference; explicitFileType = wrapper.application; includeInIndex = 0; path = ImgurGallery.app; sourceTree = BUILT_PRODUCTS_DIR; };
		5F8AA3BD2C6A950A001C6B92 /* ImgurGalleryApp.swift */ = {isa = PBXFileReference; lastKnownFileType = sourcecode.swift; path = ImgurGalleryApp.swift; sourceTree = "<group>"; };
		5F8AA3C12C6A950D001C6B92 /* Assets.xcassets */ = {isa = PBXFileReference; lastKnownFileType = folder.assetcatalog; path = Assets.xcassets; sourceTree = "<group>"; };
		5F8AA3C42C6A950D001C6B92 /* Preview Assets.xcassets */ = {isa = PBXFileReference; lastKnownFileType = folder.assetcatalog; path = "Preview Assets.xcassets"; sourceTree = "<group>"; };
		5F8AA3D02C6A96CB001C6B92 /* ImgurData.swift */ = {isa = PBXFileReference; lastKnownFileType = sourcecode.swift; path = ImgurData.swift; sourceTree = "<group>"; };
		5F8AA3D22C6A96F9001C6B92 /* AlbumViewModel.swift */ = {isa = PBXFileReference; lastKnownFileType = sourcecode.swift; path = AlbumViewModel.swift; sourceTree = "<group>"; };
		5F8AA3D52C6A972E001C6B92 /* AlbumListView.swift */ = {isa = PBXFileReference; lastKnownFileType = sourcecode.swift; path = AlbumListView.swift; sourceTree = "<group>"; };
		5F8AA3D72C6A9740001C6B92 /* AlbumDetailView.swift */ = {isa = PBXFileReference; lastKnownFileType = sourcecode.swift; path = AlbumDetailView.swift; sourceTree = "<group>"; };
		5F8AA3D92C6A9784001C6B92 /* Secrets.plist */ = {isa = PBXFileReference; lastKnownFileType = text.plist.xml; path = Secrets.plist; sourceTree = "<group>"; };
		5F8AA3DB2C6A983A001C6B92 /* secrets.swift */ = {isa = PBXFileReference; lastKnownFileType = sourcecode.swift; path = secrets.swift; sourceTree = "<group>"; };
		5F8AA3DD2C6A98B4001C6B92 /* constants.swift */ = {isa = PBXFileReference; lastKnownFileType = sourcecode.swift; path = constants.swift; sourceTree = "<group>"; };
		5F8AA3DF2C6AA26B001C6B92 /* FullScreenImageView.swift */ = {isa = PBXFileReference; lastKnownFileType = sourcecode.swift; path = FullScreenImageView.swift; sourceTree = "<group>"; };
		5F8AA3E22C6AA47B001C6B92 /* SearchBarView.swift */ = {isa = PBXFileReference; lastKnownFileType = sourcecode.swift; path = SearchBarView.swift; sourceTree = "<group>"; };
		5F8AA3E72C6AC558001C6B92 /* AsyncImageView.swift */ = {isa = PBXFileReference; lastKnownFileType = sourcecode.swift; path = AsyncImageView.swift; sourceTree = "<group>"; };
		5F8AA3E92C6ACDB5001C6B92 /* AlbumListViewRow.swift */ = {isa = PBXFileReference; lastKnownFileType = sourcecode.swift; path = AlbumListViewRow.swift; sourceTree = "<group>"; };
		5F8AA3EE2C6AFF75001C6B92 /* NoImageView.swift */ = {isa = PBXFileReference; lastKnownFileType = sourcecode.swift; path = NoImageView.swift; sourceTree = "<group>"; };
		5F8AA3F72C6B40BC001C6B92 /* ViewsStack.swift */ = {isa = PBXFileReference; lastKnownFileType = sourcecode.swift; path = ViewsStack.swift; sourceTree = "<group>"; };
		5F8AA4012C6B5B16001C6B92 /* NetworkingClient.swift */ = {isa = PBXFileReference; lastKnownFileType = sourcecode.swift; path = NetworkingClient.swift; sourceTree = "<group>"; };
		5F8AA4052C6B78C8001C6B92 /* BackgroundGradient.swift */ = {isa = PBXFileReference; lastKnownFileType = sourcecode.swift; path = BackgroundGradient.swift; sourceTree = "<group>"; };
		5F8AA4092C6B80FA001C6B92 /* dateformatter.swift */ = {isa = PBXFileReference; lastKnownFileType = sourcecode.swift; path = dateformatter.swift; sourceTree = "<group>"; };
/* End PBXFileReference section */

/* Begin PBXFrameworksBuildPhase section */
		5F8AA3B72C6A950A001C6B92 /* Frameworks */ = {
			isa = PBXFrameworksBuildPhase;
			buildActionMask = 2147483647;
			files = (
				5F8AA3E62C6AA87A001C6B92 /* Kingfisher in Frameworks */,
			);
			runOnlyForDeploymentPostprocessing = 0;
		};
/* End PBXFrameworksBuildPhase section */

/* Begin PBXGroup section */
		5F8AA3B12C6A950A001C6B92 = {
			isa = PBXGroup;
			children = (
				5F8AA3BC2C6A950A001C6B92 /* ImgurGallery */,
				5F8AA3BB2C6A950A001C6B92 /* Products */,
			);
			sourceTree = "<group>";
		};
		5F8AA3BB2C6A950A001C6B92 /* Products */ = {
			isa = PBXGroup;
			children = (
				5F8AA3BA2C6A950A001C6B92 /* ImgurGallery.app */,
			);
			name = Products;
			sourceTree = "<group>";
		};
		5F8AA3BC2C6A950A001C6B92 /* ImgurGallery */ = {
			isa = PBXGroup;
			children = (
				5F8AA3BD2C6A950A001C6B92 /* ImgurGalleryApp.swift */,
				5F8AA4002C6B5B0B001C6B92 /* core */,
				5F8AA3CB2C6A9646001C6B92 /* Model */,
				5F8AA3CC2C6A964C001C6B92 /* ViewModel */,
				5F8AA3CD2C6A9655001C6B92 /* View */,
				5F8AA3CE2C6A965E001C6B92 /* utils */,
				5F8AA3C12C6A950D001C6B92 /* Assets.xcassets */,
				5F8AA3C32C6A950D001C6B92 /* Preview Content */,
				5F8AA3D92C6A9784001C6B92 /* Secrets.plist */,
			);
			path = ImgurGallery;
			sourceTree = "<group>";
		};
		5F8AA3C32C6A950D001C6B92 /* Preview Content */ = {
			isa = PBXGroup;
			children = (
				5F8AA3C42C6A950D001C6B92 /* Preview Assets.xcassets */,
			);
			path = "Preview Content";
			sourceTree = "<group>";
		};
		5F8AA3CB2C6A9646001C6B92 /* Model */ = {
			isa = PBXGroup;
			children = (
				5F8AA3D02C6A96CB001C6B92 /* ImgurData.swift */,
			);
			path = Model;
			sourceTree = "<group>";
		};
		5F8AA3CC2C6A964C001C6B92 /* ViewModel */ = {
			isa = PBXGroup;
			children = (
				5F8AA3D22C6A96F9001C6B92 /* AlbumViewModel.swift */,
			);
			path = ViewModel;
			sourceTree = "<group>";
		};
		5F8AA3CD2C6A9655001C6B92 /* View */ = {
			isa = PBXGroup;
			children = (
				5F8AA3E12C6AA450001C6B92 /* common */,
				5F8AA3D42C6A9723001C6B92 /* album */,
			);
			path = View;
			sourceTree = "<group>";
		};
		5F8AA3CE2C6A965E001C6B92 /* utils */ = {
			isa = PBXGroup;
			children = (
				5F8AA3DB2C6A983A001C6B92 /* secrets.swift */,
				5F8AA3DD2C6A98B4001C6B92 /* constants.swift */,
				5F8AA4092C6B80FA001C6B92 /* dateformatter.swift */,
			);
			path = utils;
			sourceTree = "<group>";
		};
		5F8AA3D42C6A9723001C6B92 /* album */ = {
			isa = PBXGroup;
			children = (
				5F8AA3D52C6A972E001C6B92 /* AlbumListView.swift */,
				5F8AA3E92C6ACDB5001C6B92 /* AlbumListViewRow.swift */,
				5F8AA3D72C6A9740001C6B92 /* AlbumDetailView.swift */,
				5F8AA3DF2C6AA26B001C6B92 /* FullScreenImageView.swift */,
			);
			path = album;
			sourceTree = "<group>";
		};
		5F8AA3E12C6AA450001C6B92 /* common */ = {
			isa = PBXGroup;
			children = (
				5F8AA3E72C6AC558001C6B92 /* AsyncImageView.swift */,
				5F8AA3EE2C6AFF75001C6B92 /* NoImageView.swift */,
				5F8AA3E22C6AA47B001C6B92 /* SearchBarView.swift */,
				5F8AA3F72C6B40BC001C6B92 /* ViewsStack.swift */,
				5F8AA4052C6B78C8001C6B92 /* BackgroundGradient.swift */,
			);
			path = common;
			sourceTree = "<group>";
		};
		5F8AA4002C6B5B0B001C6B92 /* core */ = {
			isa = PBXGroup;
			children = (
				5F8AA4012C6B5B16001C6B92 /* NetworkingClient.swift */,
			);
			path = core;
			sourceTree = "<group>";
		};
/* End PBXGroup section */

/* Begin PBXNativeTarget section */
		5F8AA3B92C6A950A001C6B92 /* ImgurGallery */ = {
			isa = PBXNativeTarget;
			buildConfigurationList = 5F8AA3C82C6A950D001C6B92 /* Build configuration list for PBXNativeTarget "ImgurGallery" */;
			buildPhases = (
				5F8AA3B62C6A950A001C6B92 /* Sources */,
				5F8AA3B72C6A950A001C6B92 /* Frameworks */,
				5F8AA3B82C6A950A001C6B92 /* Resources */,
			);
			buildRules = (
			);
			dependencies = (
			);
			name = ImgurGallery;
			packageProductDependencies = (
				5F8AA3E52C6AA87A001C6B92 /* Kingfisher */,
			);
			productName = ImgurGallery;
			productReference = 5F8AA3BA2C6A950A001C6B92 /* ImgurGallery.app */;
			productType = "com.apple.product-type.application";
		};
/* End PBXNativeTarget section */

/* Begin PBXProject section */
		5F8AA3B22C6A950A001C6B92 /* Project object */ = {
			isa = PBXProject;
			attributes = {
				BuildIndependentTargetsInParallel = 1;
				LastSwiftUpdateCheck = 1540;
				LastUpgradeCheck = 1540;
				TargetAttributes = {
					5F8AA3B92C6A950A001C6B92 = {
						CreatedOnToolsVersion = 15.4;
					};
				};
			};
			buildConfigurationList = 5F8AA3B52C6A950A001C6B92 /* Build configuration list for PBXProject "ImgurGallery" */;
			compatibilityVersion = "Xcode 14.0";
			developmentRegion = en;
			hasScannedForEncodings = 0;
			knownRegions = (
				en,
				Base,
			);
			mainGroup = 5F8AA3B12C6A950A001C6B92;
			packageReferences = (
				5F8AA3E42C6AA87A001C6B92 /* XCRemoteSwiftPackageReference "Kingfisher" */,
			);
			productRefGroup = 5F8AA3BB2C6A950A001C6B92 /* Products */;
			projectDirPath = "";
			projectRoot = "";
			targets = (
				5F8AA3B92C6A950A001C6B92 /* ImgurGallery */,
			);
		};
/* End PBXProject section */

/* Begin PBXResourcesBuildPhase section */
		5F8AA3B82C6A950A001C6B92 /* Resources */ = {
			isa = PBXResourcesBuildPhase;
			buildActionMask = 2147483647;
			files = (
				5F8AA3C52C6A950D001C6B92 /* Preview Assets.xcassets in Resources */,
				5F8AA3DA2C6A9784001C6B92 /* Secrets.plist in Resources */,
				5F8AA3C22C6A950D001C6B92 /* Assets.xcassets in Resources */,
			);
			runOnlyForDeploymentPostprocessing = 0;
		};
/* End PBXResourcesBuildPhase section */

/* Begin PBXSourcesBuildPhase section */
		5F8AA3B62C6A950A001C6B92 /* Sources */ = {
			isa = PBXSourcesBuildPhase;
			buildActionMask = 2147483647;
			files = (
				5F8AA40A2C6B80FA001C6B92 /* dateformatter.swift in Sources */,
				5F8AA4022C6B5B17001C6B92 /* NetworkingClient.swift in Sources */,
				5F8AA3E32C6AA47B001C6B92 /* SearchBarView.swift in Sources */,
				5F8AA3E02C6AA26B001C6B92 /* FullScreenImageView.swift in Sources */,
				5F8AA3D32C6A96F9001C6B92 /* AlbumViewModel.swift in Sources */,
				5F8AA3D82C6A9740001C6B92 /* AlbumDetailView.swift in Sources */,
				5F8AA3EA2C6ACDB5001C6B92 /* AlbumListViewRow.swift in Sources */,
				5F8AA3F82C6B40BC001C6B92 /* ViewsStack.swift in Sources */,
				5F8AA3E82C6AC558001C6B92 /* AsyncImageView.swift in Sources */,
				5F8AA3BE2C6A950A001C6B92 /* ImgurGalleryApp.swift in Sources */,
				5F8AA3DC2C6A983A001C6B92 /* secrets.swift in Sources */,
				5F8AA3D12C6A96CB001C6B92 /* ImgurData.swift in Sources */,
				5F8AA3D62C6A972E001C6B92 /* AlbumListView.swift in Sources */,
				5F8AA3DE2C6A98B4001C6B92 /* constants.swift in Sources */,
				5F8AA3EF2C6AFF75001C6B92 /* NoImageView.swift in Sources */,
				5F8AA4062C6B78C8001C6B92 /* BackgroundGradient.swift in Sources */,
			);
			runOnlyForDeploymentPostprocessing = 0;
		};
/* End PBXSourcesBuildPhase section */

/* Begin XCBuildConfiguration section */
		5F8AA3C62C6A950D001C6B92 /* Debug */ = {
			isa = XCBuildConfiguration;
			buildSettings = {
				ALWAYS_SEARCH_USER_PATHS = NO;
				ASSETCATALOG_COMPILER_GENERATE_SWIFT_ASSET_SYMBOL_EXTENSIONS = YES;
				CLANG_ANALYZER_NONNULL = YES;
				CLANG_ANALYZER_NUMBER_OBJECT_CONVERSION = YES_AGGRESSIVE;
				CLANG_CXX_LANGUAGE_STANDARD = "gnu++20";
				CLANG_ENABLE_MODULES = YES;
				CLANG_ENABLE_OBJC_ARC = YES;
				CLANG_ENABLE_OBJC_WEAK = YES;
				CLANG_WARN_BLOCK_CAPTURE_AUTORELEASING = YES;
				CLANG_WARN_BOOL_CONVERSION = YES;
				CLANG_WARN_COMMA = YES;
				CLANG_WARN_CONSTANT_CONVERSION = YES;
				CLANG_WARN_DEPRECATED_OBJC_IMPLEMENTATIONS = YES;
				CLANG_WARN_DIRECT_OBJC_ISA_USAGE = YES_ERROR;
				CLANG_WARN_DOCUMENTATION_COMMENTS = YES;
				CLANG_WARN_EMPTY_BODY = YES;
				CLANG_WARN_ENUM_CONVERSION = YES;
				CLANG_WARN_INFINITE_RECURSION = YES;
				CLANG_WARN_INT_CONVERSION = YES;
				CLANG_WARN_NON_LITERAL_NULL_CONVERSION = YES;
				CLANG_WARN_OBJC_IMPLICIT_RETAIN_SELF = YES;
				CLANG_WARN_OBJC_LITERAL_CONVERSION = YES;
				CLANG_WARN_OBJC_ROOT_CLASS = YES_ERROR;
				CLANG_WARN_QUOTED_INCLUDE_IN_FRAMEWORK_HEADER = YES;
				CLANG_WARN_RANGE_LOOP_ANALYSIS = YES;
				CLANG_WARN_STRICT_PROTOTYPES = YES;
				CLANG_WARN_SUSPICIOUS_MOVE = YES;
				CLANG_WARN_UNGUARDED_AVAILABILITY = YES_AGGRESSIVE;
				CLANG_WARN_UNREACHABLE_CODE = YES;
				CLANG_WARN__DUPLICATE_METHOD_MATCH = YES;
				COPY_PHASE_STRIP = NO;
				DEBUG_INFORMATION_FORMAT = dwarf;
				ENABLE_STRICT_OBJC_MSGSEND = YES;
				ENABLE_TESTABILITY = YES;
				ENABLE_USER_SCRIPT_SANDBOXING = YES;
				GCC_C_LANGUAGE_STANDARD = gnu17;
				GCC_DYNAMIC_NO_PIC = NO;
				GCC_NO_COMMON_BLOCKS = YES;
				GCC_OPTIMIZATION_LEVEL = 0;
				GCC_PREPROCESSOR_DEFINITIONS = (
					"DEBUG=1",
					"$(inherited)",
				);
				GCC_WARN_64_TO_32_BIT_CONVERSION = YES;
				GCC_WARN_ABOUT_RETURN_TYPE = YES_ERROR;
				GCC_WARN_UNDECLARED_SELECTOR = YES;
				GCC_WARN_UNINITIALIZED_AUTOS = YES_AGGRESSIVE;
				GCC_WARN_UNUSED_FUNCTION = YES;
				GCC_WARN_UNUSED_VARIABLE = YES;
				IPHONEOS_DEPLOYMENT_TARGET = 17.5;
				LOCALIZATION_PREFERS_STRING_CATALOGS = YES;
				MTL_ENABLE_DEBUG_INFO = INCLUDE_SOURCE;
				MTL_FAST_MATH = YES;
				ONLY_ACTIVE_ARCH = YES;
				SDKROOT = iphoneos;
				SWIFT_ACTIVE_COMPILATION_CONDITIONS = "DEBUG $(inherited)";
				SWIFT_OPTIMIZATION_LEVEL = "-Onone";
			};
			name = Debug;
		};
		5F8AA3C72C6A950D001C6B92 /* Release */ = {
			isa = XCBuildConfiguration;
			buildSettings = {
				ALWAYS_SEARCH_USER_PATHS = NO;
				ASSETCATALOG_COMPILER_GENERATE_SWIFT_ASSET_SYMBOL_EXTENSIONS = YES;
				CLANG_ANALYZER_NONNULL = YES;
				CLANG_ANALYZER_NUMBER_OBJECT_CONVERSION = YES_AGGRESSIVE;
				CLANG_CXX_LANGUAGE_STANDARD = "gnu++20";
				CLANG_ENABLE_MODULES = YES;
				CLANG_ENABLE_OBJC_ARC = YES;
				CLANG_ENABLE_OBJC_WEAK = YES;
				CLANG_WARN_BLOCK_CAPTURE_AUTORELEASING = YES;
				CLANG_WARN_BOOL_CONVERSION = YES;
				CLANG_WARN_COMMA = YES;
				CLANG_WARN_CONSTANT_CONVERSION = YES;
				CLANG_WARN_DEPRECATED_OBJC_IMPLEMENTATIONS = YES;
				CLANG_WARN_DIRECT_OBJC_ISA_USAGE = YES_ERROR;
				CLANG_WARN_DOCUMENTATION_COMMENTS = YES;
				CLANG_WARN_EMPTY_BODY = YES;
				CLANG_WARN_ENUM_CONVERSION = YES;
				CLANG_WARN_INFINITE_RECURSION = YES;
				CLANG_WARN_INT_CONVERSION = YES;
				CLANG_WARN_NON_LITERAL_NULL_CONVERSION = YES;
				CLANG_WARN_OBJC_IMPLICIT_RETAIN_SELF = YES;
				CLANG_WARN_OBJC_LITERAL_CONVERSION = YES;
				CLANG_WARN_OBJC_ROOT_CLASS = YES_ERROR;
				CLANG_WARN_QUOTED_INCLUDE_IN_FRAMEWORK_HEADER = YES;
				CLANG_WARN_RANGE_LOOP_ANALYSIS = YES;
				CLANG_WARN_STRICT_PROTOTYPES = YES;
				CLANG_WARN_SUSPICIOUS_MOVE = YES;
				CLANG_WARN_UNGUARDED_AVAILABILITY = YES_AGGRESSIVE;
				CLANG_WARN_UNREACHABLE_CODE = YES;
				CLANG_WARN__DUPLICATE_METHOD_MATCH = YES;
				COPY_PHASE_STRIP = NO;
				DEBUG_INFORMATION_FORMAT = "dwarf-with-dsym";
				ENABLE_NS_ASSERTIONS = NO;
				ENABLE_STRICT_OBJC_MSGSEND = YES;
				ENABLE_USER_SCRIPT_SANDBOXING = YES;
				GCC_C_LANGUAGE_STANDARD = gnu17;
				GCC_NO_COMMON_BLOCKS = YES;
				GCC_WARN_64_TO_32_BIT_CONVERSION = YES;
				GCC_WARN_ABOUT_RETURN_TYPE = YES_ERROR;
				GCC_WARN_UNDECLARED_SELECTOR = YES;
				GCC_WARN_UNINITIALIZED_AUTOS = YES_AGGRESSIVE;
				GCC_WARN_UNUSED_FUNCTION = YES;
				GCC_WARN_UNUSED_VARIABLE = YES;
				IPHONEOS_DEPLOYMENT_TARGET = 17.5;
				LOCALIZATION_PREFERS_STRING_CATALOGS = YES;
				MTL_ENABLE_DEBUG_INFO = NO;
				MTL_FAST_MATH = YES;
				SDKROOT = iphoneos;
				SWIFT_COMPILATION_MODE = wholemodule;
				VALIDATE_PRODUCT = YES;
			};
			name = Release;
		};
		5F8AA3C92C6A950D001C6B92 /* Debug */ = {
			isa = XCBuildConfiguration;
			buildSettings = {
				ASSETCATALOG_COMPILER_APPICON_NAME = AppIcon;
				ASSETCATALOG_COMPILER_GLOBAL_ACCENT_COLOR_NAME = AccentColor;
				CODE_SIGN_STYLE = Automatic;
				CURRENT_PROJECT_VERSION = 1;
				DEVELOPMENT_ASSET_PATHS = "\"ImgurGallery/Preview Content\"";
				DEVELOPMENT_TEAM = 2CX2A263X7;
				ENABLE_PREVIEWS = YES;
				GENERATE_INFOPLIST_FILE = YES;
				INFOPLIST_KEY_UIApplicationSceneManifest_Generation = YES;
				INFOPLIST_KEY_UIApplicationSupportsIndirectInputEvents = YES;
				INFOPLIST_KEY_UILaunchScreen_Generation = YES;
				INFOPLIST_KEY_UISupportedInterfaceOrientations_iPad = "UIInterfaceOrientationPortrait UIInterfaceOrientationPortraitUpsideDown UIInterfaceOrientationLandscapeLeft UIInterfaceOrientationLandscapeRight";
				INFOPLIST_KEY_UISupportedInterfaceOrientations_iPhone = "UIInterfaceOrientationPortrait UIInterfaceOrientationLandscapeLeft UIInterfaceOrientationLandscapeRight";
				LD_RUNPATH_SEARCH_PATHS = (
					"$(inherited)",
					"@executable_path/Frameworks",
				);
				MARKETING_VERSION = 1.0;
				PRODUCT_BUNDLE_IDENTIFIER = com.metashark.challenge.ImgurGallery;
				PRODUCT_NAME = "$(TARGET_NAME)";
				SWIFT_EMIT_LOC_STRINGS = YES;
				SWIFT_VERSION = 5.0;
				TARGETED_DEVICE_FAMILY = "1,2";
			};
			name = Debug;
		};
		5F8AA3CA2C6A950D001C6B92 /* Release */ = {
			isa = XCBuildConfiguration;
			buildSettings = {
				ASSETCATALOG_COMPILER_APPICON_NAME = AppIcon;
				ASSETCATALOG_COMPILER_GLOBAL_ACCENT_COLOR_NAME = AccentColor;
				CODE_SIGN_STYLE = Automatic;
				CURRENT_PROJECT_VERSION = 1;
				DEVELOPMENT_ASSET_PATHS = "\"ImgurGallery/Preview Content\"";
				DEVELOPMENT_TEAM = 2CX2A263X7;
				ENABLE_PREVIEWS = YES;
				GENERATE_INFOPLIST_FILE = YES;
				INFOPLIST_KEY_UIApplicationSceneManifest_Generation = YES;
				INFOPLIST_KEY_UIApplicationSupportsIndirectInputEvents = YES;
				INFOPLIST_KEY_UILaunchScreen_Generation = YES;
				INFOPLIST_KEY_UISupportedInterfaceOrientations_iPad = "UIInterfaceOrientationPortrait UIInterfaceOrientationPortraitUpsideDown UIInterfaceOrientationLandscapeLeft UIInterfaceOrientationLandscapeRight";
				INFOPLIST_KEY_UISupportedInterfaceOrientations_iPhone = "UIInterfaceOrientationPortrait UIInterfaceOrientationLandscapeLeft UIInterfaceOrientationLandscapeRight";
				LD_RUNPATH_SEARCH_PATHS = (
					"$(inherited)",
					"@executable_path/Frameworks",
				);
				MARKETING_VERSION = 1.0;
				PRODUCT_BUNDLE_IDENTIFIER = com.metashark.challenge.ImgurGallery;
				PRODUCT_NAME = "$(TARGET_NAME)";
				SWIFT_EMIT_LOC_STRINGS = YES;
				SWIFT_VERSION = 5.0;
				TARGETED_DEVICE_FAMILY = "1,2";
			};
			name = Release;
		};
/* End XCBuildConfiguration section */

/* Begin XCConfigurationList section */
		5F8AA3B52C6A950A001C6B92 /* Build configuration list for PBXProject "ImgurGallery" */ = {
			isa = XCConfigurationList;
			buildConfigurations = (
				5F8AA3C62C6A950D001C6B92 /* Debug */,
				5F8AA3C72C6A950D001C6B92 /* Release */,
			);
			defaultConfigurationIsVisible = 0;
			defaultConfigurationName = Release;
		};
		5F8AA3C82C6A950D001C6B92 /* Build configuration list for PBXNativeTarget "ImgurGallery" */ = {
			isa = XCConfigurationList;
			buildConfigurations = (
				5F8AA3C92C6A950D001C6B92 /* Debug */,
				5F8AA3CA2C6A950D001C6B92 /* Release */,
			);
			defaultConfigurationIsVisible = 0;
			defaultConfigurationName = Release;
		};
/* End XCConfigurationList section */

/* Begin XCRemoteSwiftPackageReference section */
		5F8AA3E42C6AA87A001C6B92 /* XCRemoteSwiftPackageReference "Kingfisher" */ = {
			isa = XCRemoteSwiftPackageReference;
			repositoryURL = "https://github.com/onevcat/Kingfisher.git";
			requirement = {
				kind = exactVersion;
				version = 7.12.0;
			};
		};
/* End XCRemoteSwiftPackageReference section */

/* Begin XCSwiftPackageProductDependency section */
		5F8AA3E52C6AA87A001C6B92 /* Kingfisher */ = {
			isa = XCSwiftPackageProductDependency;
			package = 5F8AA3E42C6AA87A001C6B92 /* XCRemoteSwiftPackageReference "Kingfisher" */;
			productName = Kingfisher;
		};
/* End XCSwiftPackageProductDependency section */
	};
	rootObject = 5F8AA3B22C6A950A001C6B92 /* Project object */;
}
